{
  "name": "yip",
  "version": "3.5.0",
  "lockfileVersion": 1,
  "requires": true,
  "dependencies": {
    "howler": {
      "version": "2.1.3",
      "resolved": "https://registry.npmjs.org/howler/-/howler-2.1.3.tgz",
      "integrity": "sha512-PSGbOi1EYgw80C5UQbxtJM7TmzD+giJunIMBYyH3RVzHZx2fZLYBoes0SpVVHi/SFa1GoNtgXj/j6I7NOKYBxQ=="
    },
    "music-events": {
      "version": "1.6.0",
      "resolved": "https://registry.npmjs.org/music-events/-/music-events-1.6.0.tgz",
      "integrity": "sha512-cJ9dDVBS0WZlAHylHto68WKF3rDxV6nsvkFrivDA9DFLhe4lompcBbGYLK3Dt6oP1w+/nFr9sPgHCj5bTN4Hxw=="
    },
    "oneof": {
      "version": "1.1.0",
      "resolved": "https://registry.npmjs.org/oneof/-/oneof-1.1.0.tgz",
      "integrity": "sha512-2bcXUdhgDAodEg2+/1ZVITrd7wKLM/xBZ9mTDMcnqsYrLSr6FwIVPyrEPdEhRv1l4Uufe0JK7ZCTkJt/Gz92jw=="
    },
    "ultrasonic": {
      "version": "1.1.0",
      "resolved": "https://registry.npmjs.org/ultrasonic/-/ultrasonic-1.1.0.tgz",
      "integrity": "sha512-/20WgSy3JkU/NE6iDw9zxKqBdh6TWxALn/qfQPlJxYdis634oa7KyFVQV6bHpvhgAdom9xOG8We2SooaapvSVQ=="
    }
  }
}
