{
  "name": "yip",
  "version": "3.3.0",
  "lockfileVersion": 1,
  "requires": true,
  "dependencies": {
    "howler": {
      "version": "2.1.1",
      "resolved": "https://registry.npmjs.org/howler/-/howler-2.1.1.tgz",
      "integrity": "sha512-9nwyDCGxhAGMmNXDfMLv0M/uS/WUg2//jG6t96D8DqbbsVZgXQzsP/ZMItbWO/Fqg7Gg69kOv3xVSDzJdd7aqA=="
    },
    "music-events": {
      "version": "1.5.0",
      "resolved": "https://registry.npmjs.org/music-events/-/music-events-1.5.0.tgz",
      "integrity": "sha512-dKHQilk+enyOEUIa64c8RM4zqlSE1LPTjRClC1ViDMFxellDw23Ls2yWjpZF3RIFedFRAGPxgtM39MJtjSRTwA=="
    },
    "oneof": {
      "version": "1.0.1",
      "resolved": "https://registry.npmjs.org/oneof/-/oneof-1.0.1.tgz",
      "integrity": "sha1-pk3hGULqOO9Q8ctxXXn2nTP3C70="
    },
    "ultrasonic": {
      "version": "1.0.1",
      "resolved": "https://registry.npmjs.org/ultrasonic/-/ultrasonic-1.0.1.tgz",
      "integrity": "sha512-l3I1iMMMcbiwzt9dAHOdQRAly/w4YP3D/zOAz9qFvTUn5w68EFlIqkHsHrrw5wvWlwNdDaypxLn7mf2OgCKVYQ=="
    }
  }
}
