{
  "name": "yip",
  "version": "3.8.0",
  "lockfileVersion": 2,
  "requires": true,
  "packages": {
    "": {
      "version": "3.8.0",
      "license": "ISC",
      "dependencies": {
        "howler": "^2.1.3",
        "music-events": "^1.6.0",
        "oneof": "^1.1.0",
        "ultrasonic": "^1.1.0"
      }
    },
    "node_modules/howler": {
      "version": "2.2.4",
      "resolved": "https://registry.npmjs.org/howler/-/howler-2.2.4.tgz",
      "integrity": "sha512-iARIBPgcQrwtEr+tALF+rapJ8qSc+Set2GJQl7xT1MQzWaVkFebdJhR3alVlSiUf5U7nAANKuj3aWpwerocD5w=="
    },
    "node_modules/music-events": {
      "version": "1.7.0",
      "resolved": "https://registry.npmjs.org/music-events/-/music-events-1.7.0.tgz",
      "integrity": "sha512-2WTqW4iucfb2Ok9xODiop+lwx9llaYK1SNoeOcj0HI2jg8eC2KEduZzffB79Y0Hjx2Gh8bsEEosIHrwFtWdycg=="
    },
    "node_modules/oneof": {
      "version": "1.1.0",
      "resolved": "https://registry.npmjs.org/oneof/-/oneof-1.1.0.tgz",
      "integrity": "sha512-2bcXUdhgDAodEg2+/1ZVITrd7wKLM/xBZ9mTDMcnqsYrLSr6FwIVPyrEPdEhRv1l4Uufe0JK7ZCTkJt/Gz92jw=="
    },
    "node_modules/ultrasonic": {
      "version": "1.4.0",
      "resolved": "https://registry.npmjs.org/ultrasonic/-/ultrasonic-1.4.0.tgz",
      "integrity": "sha512-83rWD6HtAJfN0dbDfE9ahJABJgh6NI8bxEr06Nkx0pasXJhDed+r5pO+d3Po/t70nXwD7XdTMsYtCiTQLnh83A=="
    }
  },
  "dependencies": {
    "howler": {
      "version": "2.2.4",
      "resolved": "https://registry.npmjs.org/howler/-/howler-2.2.4.tgz",
      "integrity": "sha512-iARIBPgcQrwtEr+tALF+rapJ8qSc+Set2GJQl7xT1MQzWaVkFebdJhR3alVlSiUf5U7nAANKuj3aWpwerocD5w=="
    },
    "music-events": {
      "version": "1.7.0",
      "resolved": "https://registry.npmjs.org/music-events/-/music-events-1.7.0.tgz",
      "integrity": "sha512-2WTqW4iucfb2Ok9xODiop+lwx9llaYK1SNoeOcj0HI2jg8eC2KEduZzffB79Y0Hjx2Gh8bsEEosIHrwFtWdycg=="
    },
    "oneof": {
      "version": "1.1.0",
      "resolved": "https://registry.npmjs.org/oneof/-/oneof-1.1.0.tgz",
      "integrity": "sha512-2bcXUdhgDAodEg2+/1ZVITrd7wKLM/xBZ9mTDMcnqsYrLSr6FwIVPyrEPdEhRv1l4Uufe0JK7ZCTkJt/Gz92jw=="
    },
    "ultrasonic": {
      "version": "1.4.0",
      "resolved": "https://registry.npmjs.org/ultrasonic/-/ultrasonic-1.4.0.tgz",
      "integrity": "sha512-83rWD6HtAJfN0dbDfE9ahJABJgh6NI8bxEr06Nkx0pasXJhDed+r5pO+d3Po/t70nXwD7XdTMsYtCiTQLnh83A=="
    }
  }
}
